{
  "name": "delivery-agent",
  "version": "0.0.1",
  "lockfileVersion": 3,
  "requires": true,
  "packages": {
    "": {
      "name": "delivery-agent",
      "version": "0.0.1",
      "license": "MIT",
      "dependencies": {
        "@mistralai/mistralai": "^1.1.0",
        "@orra/sdk": "file:../../../sdks/js",
        "dotenv": "^16.4.5"
      }
    },
    "../../../sdks/js": {
      "name": "@orra/sdk",
      "version": "0.0.1",
      "license": "MPL-2.0",
      "dependencies": {
        "ws": "^8.18.0"
      }
    },
    "node_modules/@mistralai/mistralai": {
      "version": "1.1.0",
      "resolved": "https://registry.npmjs.org/@mistralai/mistralai/-/mistralai-1.1.0.tgz",
      "integrity": "sha512-YueaIX+g4+QTX6ERLjZLZMOhlC0/EoqwpayWrUKfTM9EGTyiOPdxFLpLpg5B9PsaxOrmZDC88pOp4QgSMqVr8w==",
      "peerDependencies": {
        "zod": ">= 3"
      }
    },
    "node_modules/@orra/sdk": {
      "resolved": "../../../sdks/js",
      "link": true
    },
    "node_modules/dotenv": {
      "version": "16.4.5",
      "resolved": "https://registry.npmjs.org/dotenv/-/dotenv-16.4.5.tgz",
      "integrity": "sha512-ZmdL2rui+eB2YwhsWzjInR8LldtZHGDoQ1ugH85ppHKwpUHL7j7rN0Ti9NCnGiQbhaZ11FpR+7ao1dNsmduNUg==",
      "engines": {
        "node": ">=12"
      },
      "funding": {
        "url": "https://dotenvx.com"
      }
    },
    "node_modules/zod": {
      "version": "3.23.8",
      "resolved": "https://registry.npmjs.org/zod/-/zod-3.23.8.tgz",
      "integrity": "sha512-XBx9AXhXktjUqnepgTiE5flcKIYWi/rme0Eaj+5Y0lftuGBq+jyRu/md4WnuxqgP1ubdpNCsYEYPxrzVHD8d6g==",
      "peer": true,
      "funding": {
        "url": "https://github.com/sponsors/colinhacks"
      }
    }
  }
}
